<?xml version="1.0" encoding="utf-8"?>
<Project ToolsVersion="4.0" xmlns="http://schemas.microsoft.com/developer/msbuild/2003">
  <ItemGroup>
    <Filter Include="win32">
      <UniqueIdentifier>{84a8ebd7-7cf0-47f6-b75e-d441df67da40}</UniqueIdentifier>
    </Filter>
    <Filter Include="resource">
      <UniqueIdentifier>{715254bc-d70b-4ec5-bf29-467dd3ace079}</UniqueIdentifier>
    </Filter>
    <Filter Include="src">
      <UniqueIdentifier>{bb6c862e-70e9-49d9-81b7-3829a6f50471}</UniqueIdentifier>
    </Filter>
    <Filter Include="src\Screens">
      <UniqueIdentifier>{26eb3ccf-02a5-4b95-a138-82d9a3c395fb}</UniqueIdentifier>
    </Filter>
    <Filter Include="src\Controllers">
      <UniqueIdentifier>{f2de682d-89bf-4bb8-a031-c79be5a03620}</UniqueIdentifier>
    </Filter>
    <Filter Include="src\Models">
      <UniqueIdentifier>{81262f64-7b27-42e6-9e1b-e28dce3576d7}</UniqueIdentifier>
    </Filter>
  </ItemGroup>
  <ItemGroup>
    <ClCompile Include="main.cpp">
      <Filter>win32</Filter>
    </ClCompile>
    <ClCompile Include="..\Classes\AppDelegate.cpp">
      <Filter>src</Filter>
    </ClCompile>
    <ClCompile Include="..\Classes\GameScreen.cpp">
      <Filter>src\Screens</Filter>
    </ClCompile>
    <ClCompile Include="..\Classes\MenuScreen.cpp">
      <Filter>src\Screens</Filter>
    </ClCompile>
    <ClCompile Include="..\Classes\GameObject.cpp">
      <Filter>src\Models</Filter>
    </ClCompile>
    <ClCompile Include="..\Classes\Hero.cpp">
      <Filter>src\Models</Filter>
    </ClCompile>
    <ClCompile Include="..\Classes\Level.cpp">
      <Filter>src\Models</Filter>
    </ClCompile>
    <ClCompile Include="..\Classes\WorldRenderer.cpp">
      <Filter>src\Controllers</Filter>
    </ClCompile>
    <ClCompile Include="..\Classes\Obstacle.cpp">
      <Filter>src\Models</Filter>
    </ClCompile>
  </ItemGroup>
  <ItemGroup>
    <ClInclude Include="main.h">
      <Filter>win32</Filter>
    </ClInclude>
    <ClInclude Include="..\Classes\AppDelegate.h">
      <Filter>src</Filter>
    </ClInclude>
    <ClInclude Include="..\Classes\GameScreen.h">
      <Filter>src\Screens</Filter>
    </ClInclude>
    <ClInclude Include="..\Classes\MenuScreen.h">
      <Filter>src\Screens</Filter>
    </ClInclude>
    <ClInclude Include="..\Classes\GameObject.h">
      <Filter>src\Models</Filter>
    </ClInclude>
    <ClInclude Include="..\Classes\Hero.h">
      <Filter>src\Models</Filter>
    </ClInclude>
    <ClInclude Include="..\Classes\Level.h">
      <Filter>src\Models</Filter>
    </ClInclude>
    <ClInclude Include="..\Classes\Obstacle.h">
      <Filter>src\Models</Filter>
    </ClInclude>
    <ClInclude Include="..\Classes\WorldRenderer.h">
      <Filter>src\Controllers</Filter>
    </ClInclude>
  </ItemGroup>
  <ItemGroup>
    <ResourceCompile Include="game.rc">
      <Filter>resource</Filter>
    </ResourceCompile>
  </ItemGroup>
</Project>